
Microsoft Visual Studio Solution File, Format Version 12.00
# Visual Studio Version 17
VisualStudioVersion = 17.8.34408.163
MinimumVisualStudioVersion = 10.0.40219.1
Project("{9A19103F-16F7-4668-BE54-9A1E7A4F7556}") = "LearnMvvm", "LearnMvvm\LearnMvvm.csproj", "{59AA5EBA-A91F-4420-9A79-31E5CEB3889E}"
EndProject
Project("{9A19103F-16F7-4668-BE54-9A1E7A4F7556}") = "ViewModel", "ViewModel\ViewModel.csproj", "{0A1F48EF-58FE-4BD5-BBA7-45CAD5955765}"
EndProject
Project("{9A19103F-16F7-4668-BE54-9A1E7A4F7556}") = "ConsoleApp", "ConsoleApp\ConsoleApp.csproj", "{78D08194-43D8-406E-9B88-A51764B95DC1}"
EndProject
Project("{9A19103F-16F7-4668-BE54-9A1E7A4F7556}") = "DataBase", "DataBase\DataBase.csproj", "{40AFD79F-C940-4A33-AE2B-96B1D58DDE1C}"
EndProject
Project("{FAE04EC0-301F-11D3-BF4B-00C04F79EFBC}") = "CommonNet6", "CommonNet6\CommonNet6.csproj", "{A9AA94B1-FCFC-4136-8942-7709C879F01D}"
EndProject
Global
	GlobalSection(SolutionConfigurationPlatforms) = preSolution
		Debug|Any CPU = Debug|Any CPU
		Release|Any CPU = Release|Any CPU
	EndGlobalSection
	GlobalSection(ProjectConfigurationPlatforms) = postSolution
		{59AA5EBA-A91F-4420-9A79-31E5CEB3889E}.Debug|Any CPU.ActiveCfg = Debug|Any CPU
		{59AA5EBA-A91F-4420-9A79-31E5CEB3889E}.Debug|Any CPU.Build.0 = Debug|Any CPU
		{59AA5EBA-A91F-4420-9A79-31E5CEB3889E}.Release|Any CPU.ActiveCfg = Release|Any CPU
		{59AA5EBA-A91F-4420-9A79-31E5CEB3889E}.Release|Any CPU.Build.0 = Release|Any CPU
		{0A1F48EF-58FE-4BD5-BBA7-45CAD5955765}.Debug|Any CPU.ActiveCfg = Debug|Any CPU
		{0A1F48EF-58FE-4BD5-BBA7-45CAD5955765}.Debug|Any CPU.Build.0 = Debug|Any CPU
		{0A1F48EF-58FE-4BD5-BBA7-45CAD5955765}.Release|Any CPU.ActiveCfg = Release|Any CPU
		{0A1F48EF-58FE-4BD5-BBA7-45CAD5955765}.Release|Any CPU.Build.0 = Release|Any CPU
		{78D08194-43D8-406E-9B88-A51764B95DC1}.Debug|Any CPU.ActiveCfg = Debug|Any CPU
		{78D08194-43D8-406E-9B88-A51764B95DC1}.Debug|Any CPU.Build.0 = Debug|Any CPU
		{78D08194-43D8-406E-9B88-A51764B95DC1}.Release|Any CPU.ActiveCfg = Release|Any CPU
		{78D08194-43D8-406E-9B88-A51764B95DC1}.Release|Any CPU.Build.0 = Release|Any CPU
		{40AFD79F-C940-4A33-AE2B-96B1D58DDE1C}.Debug|Any CPU.ActiveCfg = Debug|Any CPU
		{40AFD79F-C940-4A33-AE2B-96B1D58DDE1C}.Debug|Any CPU.Build.0 = Debug|Any CPU
		{40AFD79F-C940-4A33-AE2B-96B1D58DDE1C}.Release|Any CPU.ActiveCfg = Release|Any CPU
		{40AFD79F-C940-4A33-AE2B-96B1D58DDE1C}.Release|Any CPU.Build.0 = Release|Any CPU
		{A9AA94B1-FCFC-4136-8942-7709C879F01D}.Debug|Any CPU.ActiveCfg = Debug|Any CPU
		{A9AA94B1-FCFC-4136-8942-7709C879F01D}.Debug|Any CPU.Build.0 = Debug|Any CPU
		{A9AA94B1-FCFC-4136-8942-7709C879F01D}.Release|Any CPU.ActiveCfg = Release|Any CPU
		{A9AA94B1-FCFC-4136-8942-7709C879F01D}.Release|Any CPU.Build.0 = Release|Any CPU
	EndGlobalSection
	GlobalSection(SolutionProperties) = preSolution
		HideSolutionNode = FALSE
	EndGlobalSection
	GlobalSection(ExtensibilityGlobals) = postSolution
		SolutionGuid = {8FB4C7F1-3E41-4325-A66F-A24B2234B77E}
	EndGlobalSection
EndGlobal
